
Microsoft Visual Studio Solution File, Format Version 12.00
# Visual Studio Version 17
VisualStudioVersion = 17.14.36908.2 d17.14
MinimumVisualStudioVersion = 10.0.40219.1
Project("{FAE04EC0-301F-11D3-BF4B-00C04F79EFBC}") = "TripETL", "TripETL\TripETL.csproj", "{4E4C319B-C1FC-4E47-9884-007CBD966859}"
EndProject
Global
	GlobalSection(SolutionConfigurationPlatforms) = preSolution
		Debug|Any CPU = Debug|Any CPU
		Release|Any CPU = Release|Any CPU
	EndGlobalSection
	GlobalSection(ProjectConfigurationPlatforms) = postSolution
		{4E4C319B-C1FC-4E47-9884-007CBD966859}.Debug|Any CPU.ActiveCfg = Debug|Any CPU
		{4E4C319B-C1FC-4E47-9884-007CBD966859}.Debug|Any CPU.Build.0 = Debug|Any CPU
		{4E4C319B-C1FC-4E47-9884-007CBD966859}.Release|Any CPU.ActiveCfg = Release|Any CPU
		{4E4C319B-C1FC-4E47-9884-007CBD966859}.Release|Any CPU.Build.0 = Release|Any CPU
	EndGlobalSection
	GlobalSection(SolutionProperties) = preSolution
		HideSolutionNode = FALSE
	EndGlobalSection
	GlobalSection(ExtensibilityGlobals) = postSolution
		SolutionGuid = {49F02A31-13B6-473A-BA21-70525E6F8E2D}
	EndGlobalSection
EndGlobal
